
Microsoft Visual Studio Solution File, Format Version 12.00
Project("{FAE04EC0-301F-11D3-BF4B-00C04F79EFBC}") = "CodemicAspireApp.AppHost", "CodemicAspireApp\CodemicAspireApp.AppHost\CodemicAspireApp.AppHost.csproj", "{57846543-5658-4DB5-9B0E-BF160E4AC07D}"
EndProject
Project("{FAE04EC0-301F-11D3-BF4B-00C04F79EFBC}") = "CodemicAspireApp.ServiceDefaults", "CodemicAspireApp\CodemicAspireApp.ServiceDefaults\CodemicAspireApp.ServiceDefaults.csproj", "{E88D3609-CE2F-4A20-B8A9-44410032DD69}"
EndProject
Project("{FAE04EC0-301F-11D3-BF4B-00C04F79EFBC}") = "CodemicAspireApp.ApiService", "CodemicAspireApp\CodemicAspireApp.ApiService\CodemicAspireApp.ApiService.csproj", "{84B0E9B9-4456-4FC7-9287-217D83700713}"
EndProject
Project("{FAE04EC0-301F-11D3-BF4B-00C04F79EFBC}") = "CodemicAspireApp.Web", "CodemicAspireApp\CodemicAspireApp.Web\CodemicAspireApp.Web.csproj", "{F431B503-8555-49DC-99D0-24056EDBD1C8}"
EndProject
Project("{FAE04EC0-301F-11D3-BF4B-00C04F79EFBC}") = "CodemicAspireApp.GrpcService", "CodemicAspireApp\CodemicAspireApp.GrpcService\CodemicAspireApp.GrpcService.csproj", "{F938F13A-FB36-4E9D-BDB7-4E04C132A6D1}"
EndProject
Global
	GlobalSection(SolutionConfigurationPlatforms) = preSolution
		Debug|Any CPU = Debug|Any CPU
		Release|Any CPU = Release|Any CPU
	EndGlobalSection
	GlobalSection(ProjectConfigurationPlatforms) = postSolution
		{57846543-5658-4DB5-9B0E-BF160E4AC07D}.Debug|Any CPU.ActiveCfg = Debug|Any CPU
		{57846543-5658-4DB5-9B0E-BF160E4AC07D}.Debug|Any CPU.Build.0 = Debug|Any CPU
		{57846543-5658-4DB5-9B0E-BF160E4AC07D}.Release|Any CPU.ActiveCfg = Release|Any CPU
		{57846543-5658-4DB5-9B0E-BF160E4AC07D}.Release|Any CPU.Build.0 = Release|Any CPU
		{E88D3609-CE2F-4A20-B8A9-44410032DD69}.Debug|Any CPU.ActiveCfg = Debug|Any CPU
		{E88D3609-CE2F-4A20-B8A9-44410032DD69}.Debug|Any CPU.Build.0 = Debug|Any CPU
		{E88D3609-CE2F-4A20-B8A9-44410032DD69}.Release|Any CPU.ActiveCfg = Release|Any CPU
		{E88D3609-CE2F-4A20-B8A9-44410032DD69}.Release|Any CPU.Build.0 = Release|Any CPU
		{84B0E9B9-4456-4FC7-9287-217D83700713}.Debug|Any CPU.ActiveCfg = Debug|Any CPU
		{84B0E9B9-4456-4FC7-9287-217D83700713}.Debug|Any CPU.Build.0 = Debug|Any CPU
		{84B0E9B9-4456-4FC7-9287-217D83700713}.Release|Any CPU.ActiveCfg = Release|Any CPU
		{84B0E9B9-4456-4FC7-9287-217D83700713}.Release|Any CPU.Build.0 = Release|Any CPU
		{F431B503-8555-49DC-99D0-24056EDBD1C8}.Debug|Any CPU.ActiveCfg = Debug|Any CPU
		{F431B503-8555-49DC-99D0-24056EDBD1C8}.Debug|Any CPU.Build.0 = Debug|Any CPU
		{F431B503-8555-49DC-99D0-24056EDBD1C8}.Release|Any CPU.ActiveCfg = Release|Any CPU
		{F431B503-8555-49DC-99D0-24056EDBD1C8}.Release|Any CPU.Build.0 = Release|Any CPU
		{F938F13A-FB36-4E9D-BDB7-4E04C132A6D1}.Debug|Any CPU.ActiveCfg = Debug|Any CPU
		{F938F13A-FB36-4E9D-BDB7-4E04C132A6D1}.Debug|Any CPU.Build.0 = Debug|Any CPU
		{F938F13A-FB36-4E9D-BDB7-4E04C132A6D1}.Release|Any CPU.ActiveCfg = Release|Any CPU
		{F938F13A-FB36-4E9D-BDB7-4E04C132A6D1}.Release|Any CPU.Build.0 = Release|Any CPU
	EndGlobalSection
EndGlobal
